
Microsoft Visual Studio Solution File, Format Version 12.00
# Visual Studio Version 16
VisualStudioVersion = 16.0.31911.196
MinimumVisualStudioVersion = 10.0.40219.1
Project("{FAE04EC0-301F-11D3-BF4B-00C04F79EFBC}") = "Gerador de Senhas", "Gerador de Senhas\Gerador de Senhas.csproj", "{BA434B8D-FC05-4C06-A72D-AFAF8962F3AD}"
EndProject
Global
	GlobalSection(SolutionConfigurationPlatforms) = preSolution
		Debug|Any CPU = Debug|Any CPU
		Release|Any CPU = Release|Any CPU
	EndGlobalSection
	GlobalSection(ProjectConfigurationPlatforms) = postSolution
		{BA434B8D-FC05-4C06-A72D-AFAF8962F3AD}.Debug|Any CPU.ActiveCfg = Debug|Any CPU
		{BA434B8D-FC05-4C06-A72D-AFAF8962F3AD}.Debug|Any CPU.Build.0 = Debug|Any CPU
		{BA434B8D-FC05-4C06-A72D-AFAF8962F3AD}.Release|Any CPU.ActiveCfg = Release|Any CPU
		{BA434B8D-FC05-4C06-A72D-AFAF8962F3AD}.Release|Any CPU.Build.0 = Release|Any CPU
	EndGlobalSection
	GlobalSection(SolutionProperties) = preSolution
		HideSolutionNode = FALSE
	EndGlobalSection
	GlobalSection(ExtensibilityGlobals) = postSolution
		SolutionGuid = {D8E00056-1D4B-4A83-8D76-8E3A7B55E2BC}
	EndGlobalSection
EndGlobal
